// !$*UTF8*$!
{
	archiveVersion = 1;
	classes = {
	};
	objectVersion = 54;
	objects = {

/* Begin PBXBuildFile section */
		00E356F31AD99517003FC87E /* StokzyTests.m in Sources */ = {isa = PBXBuildFile; fileRef = 00E356F21AD99517003FC87E /* StokzyTests.m */; };
		0C80B921A6F3F58F76C31292 /* libPods-Stokzy.a in Frameworks */ = {isa = PBXBuildFile; fileRef = 5DCACB8F33CDC322A6C60F78 /* libPods-Stokzy.a */; };
		13B07FBC1A68108700A75B9A /* AppDelegate.mm in Sources */ = {isa = PBXBuildFile; fileRef = 13B07FB01A68108700A75B9A /* AppDelegate.mm */; };
		13B07FBF1A68108700A75B9A /* Images.xcassets in Resources */ = {isa = PBXBuildFile; fileRef = 13B07FB51A68108700A75B9A /* Images.xcassets */; };
		13B07FC11A68108700A75B9A /* main.m in Sources */ = {isa = PBXBuildFile; fileRef = 13B07FB71A68108700A75B9A /* main.m */; };
		7699B88040F8A987B510C191 /* libPods-Stokzy-StokzyTests.a in Frameworks */ = {isa = PBXBuildFile; fileRef = 19F6CBCC0A4E27FBF8BF4A61 /* libPods-Stokzy-StokzyTests.a */; };
		81AB9BB82411601600AC10FF /* LaunchScreen.storyboard in Resources */ = {isa = PBXBuildFile; fileRef = 81AB9BB72411601600AC10FF /* LaunchScreen.storyboard */; };
		E9C976E1CD8C4B9FB65E2EC2 /* HankenGrotesk-Black.ttf in Resources */ = {isa = PBXBuildFile; fileRef = 8E540888515B4A08908704EE /* HankenGrotesk-Black.ttf */; };
		92AE6A1F5C194E7DB0A39E5C /* HankenGrotesk-Black.ttf in Resources */ = {isa = PBXBuildFile; fileRef = 8E540888515B4A08908704EE /* HankenGrotesk-Black.ttf */; };
		94D2817BC2F64AB8AE4A3968 /* HankenGrotesk-BlackItalic.ttf in Resources */ = {isa = PBXBuildFile; fileRef = AA3375A6FDB246CDBC65468C /* HankenGrotesk-BlackItalic.ttf */; };
		50D24F34EC8B40BEB010B73F /* HankenGrotesk-BlackItalic.ttf in Resources */ = {isa = PBXBuildFile; fileRef = AA3375A6FDB246CDBC65468C /* HankenGrotesk-BlackItalic.ttf */; };
		0690A7866C384CAB8FDA6975 /* HankenGrotesk-Bold.ttf in Resources */ = {isa = PBXBuildFile; fileRef = D10311F0CAAF4D22B396F696 /* HankenGrotesk-Bold.ttf */; };
		02DE625AE0444C688882BD17 /* HankenGrotesk-Bold.ttf in Resources */ = {isa = PBXBuildFile; fileRef = D10311F0CAAF4D22B396F696 /* HankenGrotesk-Bold.ttf */; };
		9BAF551F4D4949A2A2DEAF20 /* HankenGrotesk-BoldItalic.ttf in Resources */ = {isa = PBXBuildFile; fileRef = 4D669C8EE0A04F20B505159C /* HankenGrotesk-BoldItalic.ttf */; };
		FDDA6118CB16443089728F30 /* HankenGrotesk-BoldItalic.ttf in Resources */ = {isa = PBXBuildFile; fileRef = 4D669C8EE0A04F20B505159C /* HankenGrotesk-BoldItalic.ttf */; };
		340B3CB07AE04D919E84F6C7 /* HankenGrotesk-ExtraBold.ttf in Resources */ = {isa = PBXBuildFile; fileRef = B90BE7662DCC41BCA04FB41E /* HankenGrotesk-ExtraBold.ttf */; };
		AADA67F33FBD4A54AEA1A4F4 /* HankenGrotesk-ExtraBold.ttf in Resources */ = {isa = PBXBuildFile; fileRef = B90BE7662DCC41BCA04FB41E /* HankenGrotesk-ExtraBold.ttf */; };
		22CC689F2A354C1B8F5DC74F /* HankenGrotesk-ExtraBoldItalic.ttf in Resources */ = {isa = PBXBuildFile; fileRef = 481AFFCDDB024590B59605C0 /* HankenGrotesk-ExtraBoldItalic.ttf */; };
		8A9A4B99743446FA96B01EE6 /* HankenGrotesk-ExtraBoldItalic.ttf in Resources */ = {isa = PBXBuildFile; fileRef = 481AFFCDDB024590B59605C0 /* HankenGrotesk-ExtraBoldItalic.ttf */; };
		780BA8F8085D4D6EBDF1ECF2 /* HankenGrotesk-ExtraLight.ttf in Resources */ = {isa = PBXBuildFile; fileRef = 4AAAA23231DE454292C3642E /* HankenGrotesk-ExtraLight.ttf */; };
		1A34AED32DB542BB966AFB5F /* HankenGrotesk-ExtraLight.ttf in Resources */ = {isa = PBXBuildFile; fileRef = 4AAAA23231DE454292C3642E /* HankenGrotesk-ExtraLight.ttf */; };
		D33FB6DC81984D6AA74840BD /* HankenGrotesk-ExtraLightItalic.ttf in Resources */ = {isa = PBXBuildFile; fileRef = 399AF4A6EAD14C59AC816615 /* HankenGrotesk-ExtraLightItalic.ttf */; };
		BDF7ED632BD9420097DA5CCC /* HankenGrotesk-ExtraLightItalic.ttf in Resources */ = {isa = PBXBuildFile; fileRef = 399AF4A6EAD14C59AC816615 /* HankenGrotesk-ExtraLightItalic.ttf */; };
		DB1DDF072812428CB1D531E4 /* HankenGrotesk-Italic.ttf in Resources */ = {isa = PBXBuildFile; fileRef = D37EF4ABEBD54C59AD8A7E09 /* HankenGrotesk-Italic.ttf */; };
		3E22E1A3B8D94009B418F0FF /* HankenGrotesk-Italic.ttf in Resources */ = {isa = PBXBuildFile; fileRef = D37EF4ABEBD54C59AD8A7E09 /* HankenGrotesk-Italic.ttf */; };
		6AA6FB9C621A4BBCBF0F3D9A /* HankenGrotesk-Light.ttf in Resources */ = {isa = PBXBuildFile; fileRef = D5899186EA764D56A3F65C3D /* HankenGrotesk-Light.ttf */; };
		75CA390457DA4BBD9AE4E6B5 /* HankenGrotesk-Light.ttf in Resources */ = {isa = PBXBuildFile; fileRef = D5899186EA764D56A3F65C3D /* HankenGrotesk-Light.ttf */; };
		CF4603F8BC784063B1B7A2A8 /* HankenGrotesk-LightItalic.ttf in Resources */ = {isa = PBXBuildFile; fileRef = 14910A34166C48138060C423 /* HankenGrotesk-LightItalic.ttf */; };
		24B6EA2D10FB4C98AD5A8053 /* HankenGrotesk-LightItalic.ttf in Resources */ = {isa = PBXBuildFile; fileRef = 14910A34166C48138060C423 /* HankenGrotesk-LightItalic.ttf */; };
		40EA77973CF2480E992EFF28 /* HankenGrotesk-Medium.ttf in Resources */ = {isa = PBXBuildFile; fileRef = C919B18C915543C88723A209 /* HankenGrotesk-Medium.ttf */; };
		75714E7A91D142C5A14E85AB /* HankenGrotesk-Medium.ttf in Resources */ = {isa = PBXBuildFile; fileRef = C919B18C915543C88723A209 /* HankenGrotesk-Medium.ttf */; };
		52290E0CC95F4E60AA0F724E /* HankenGrotesk-MediumItalic.ttf in Resources */ = {isa = PBXBuildFile; fileRef = 1166D6543D6C45A9A2040FEF /* HankenGrotesk-MediumItalic.ttf */; };
		552DD3BEBEDB4814A8FA0FD5 /* HankenGrotesk-MediumItalic.ttf in Resources */ = {isa = PBXBuildFile; fileRef = 1166D6543D6C45A9A2040FEF /* HankenGrotesk-MediumItalic.ttf */; };
		9323F1884C9B4ECC855D6FE3 /* HankenGrotesk-Regular.ttf in Resources */ = {isa = PBXBuildFile; fileRef = D9B6F458829B4549BE690FFC /* HankenGrotesk-Regular.ttf */; };
		E2A1226F65A14BFB979C3978 /* HankenGrotesk-Regular.ttf in Resources */ = {isa = PBXBuildFile; fileRef = D9B6F458829B4549BE690FFC /* HankenGrotesk-Regular.ttf */; };
		7B4AEC4505094C2F82D9E77D /* HankenGrotesk-SemiBold.ttf in Resources */ = {isa = PBXBuildFile; fileRef = BB680C320D854C798E93B906 /* HankenGrotesk-SemiBold.ttf */; };
		6FA42B67DA5040929301A89B /* HankenGrotesk-SemiBold.ttf in Resources */ = {isa = PBXBuildFile; fileRef = BB680C320D854C798E93B906 /* HankenGrotesk-SemiBold.ttf */; };
		06C3A81F959F4B0BAD255433 /* HankenGrotesk-SemiBoldItalic.ttf in Resources */ = {isa = PBXBuildFile; fileRef = 315930C714964D76BE7C0011 /* HankenGrotesk-SemiBoldItalic.ttf */; };
		46F8184CF1ED4A8B8456227C /* HankenGrotesk-SemiBoldItalic.ttf in Resources */ = {isa = PBXBuildFile; fileRef = 315930C714964D76BE7C0011 /* HankenGrotesk-SemiBoldItalic.ttf */; };
		E05FCD46F76B4732AB25539C /* HankenGrotesk-Thin.ttf in Resources */ = {isa = PBXBuildFile; fileRef = 7F9C80E970AE44E89D25A3E2 /* HankenGrotesk-Thin.ttf */; };
		4DA06145D69B4397AE882F63 /* HankenGrotesk-Thin.ttf in Resources */ = {isa = PBXBuildFile; fileRef = 7F9C80E970AE44E89D25A3E2 /* HankenGrotesk-Thin.ttf */; };
		F12F80F9F4214264980E7F00 /* HankenGrotesk-ThinItalic.ttf in Resources */ = {isa = PBXBuildFile; fileRef = 8558FAC6BD954FF0BE904581 /* HankenGrotesk-ThinItalic.ttf */; };
		370616933A6E443A860ED479 /* HankenGrotesk-ThinItalic.ttf in Resources */ = {isa = PBXBuildFile; fileRef = 8558FAC6BD954FF0BE904581 /* HankenGrotesk-ThinItalic.ttf */; };
/* End PBXBuildFile section */

/* Begin PBXContainerItemProxy section */
		00E356F41AD99517003FC87E /* PBXContainerItemProxy */ = {
			isa = PBXContainerItemProxy;
			containerPortal = 83CBB9F71A601CBA00E9B192 /* Project object */;
			proxyType = 1;
			remoteGlobalIDString = 13B07F861A680F5B00A75B9A;
			remoteInfo = Stokzy;
		};
/* End PBXContainerItemProxy section */

/* Begin PBXFileReference section */
		00E356EE1AD99517003FC87E /* StokzyTests.xctest */ = {isa = PBXFileReference; explicitFileType = wrapper.cfbundle; includeInIndex = 0; path = StokzyTests.xctest; sourceTree = BUILT_PRODUCTS_DIR; };
		00E356F11AD99517003FC87E /* Info.plist */ = {isa = PBXFileReference; lastKnownFileType = text.plist.xml; path = Info.plist; sourceTree = "<group>"; };
		00E356F21AD99517003FC87E /* StokzyTests.m */ = {isa = PBXFileReference; lastKnownFileType = sourcecode.c.objc; path = StokzyTests.m; sourceTree = "<group>"; };
		13B07F961A680F5B00A75B9A /* Stokzy.app */ = {isa = PBXFileReference; explicitFileType = wrapper.application; includeInIndex = 0; path = Stokzy.app; sourceTree = BUILT_PRODUCTS_DIR; };
		13B07FAF1A68108700A75B9A /* AppDelegate.h */ = {isa = PBXFileReference; fileEncoding = 4; lastKnownFileType = sourcecode.c.h; name = AppDelegate.h; path = Stokzy/AppDelegate.h; sourceTree = "<group>"; };
		13B07FB01A68108700A75B9A /* AppDelegate.mm */ = {isa = PBXFileReference; fileEncoding = 4; lastKnownFileType = sourcecode.cpp.objcpp; name = AppDelegate.mm; path = Stokzy/AppDelegate.mm; sourceTree = "<group>"; };
		13B07FB51A68108700A75B9A /* Images.xcassets */ = {isa = PBXFileReference; lastKnownFileType = folder.assetcatalog; name = Images.xcassets; path = Stokzy/Images.xcassets; sourceTree = "<group>"; };
		13B07FB61A68108700A75B9A /* Info.plist */ = {isa = PBXFileReference; fileEncoding = 4; lastKnownFileType = text.plist.xml; name = Info.plist; path = Stokzy/Info.plist; sourceTree = "<group>"; };
		13B07FB71A68108700A75B9A /* main.m */ = {isa = PBXFileReference; fileEncoding = 4; lastKnownFileType = sourcecode.c.objc; name = main.m; path = Stokzy/main.m; sourceTree = "<group>"; };
		13B07FB81A68108700A75B9A /* PrivacyInfo.xcprivacy */ = {isa = PBXFileReference; fileEncoding = 4; lastKnownFileType = text.plist.xml; name = PrivacyInfo.xcprivacy; path = Stokzy/PrivacyInfo.xcprivacy; sourceTree = "<group>"; };
		19F6CBCC0A4E27FBF8BF4A61 /* libPods-Stokzy-StokzyTests.a */ = {isa = PBXFileReference; explicitFileType = archive.ar; includeInIndex = 0; path = "libPods-Stokzy-StokzyTests.a"; sourceTree = BUILT_PRODUCTS_DIR; };
		3B4392A12AC88292D35C810B /* Pods-Stokzy.debug.xcconfig */ = {isa = PBXFileReference; includeInIndex = 1; lastKnownFileType = text.xcconfig; name = "Pods-Stokzy.debug.xcconfig"; path = "Target Support Files/Pods-Stokzy/Pods-Stokzy.debug.xcconfig"; sourceTree = "<group>"; };
		5709B34CF0A7D63546082F79 /* Pods-Stokzy.release.xcconfig */ = {isa = PBXFileReference; includeInIndex = 1; lastKnownFileType = text.xcconfig; name = "Pods-Stokzy.release.xcconfig"; path = "Target Support Files/Pods-Stokzy/Pods-Stokzy.release.xcconfig"; sourceTree = "<group>"; };
		5B7EB9410499542E8C5724F5 /* Pods-Stokzy-StokzyTests.debug.xcconfig */ = {isa = PBXFileReference; includeInIndex = 1; lastKnownFileType = text.xcconfig; name = "Pods-Stokzy-StokzyTests.debug.xcconfig"; path = "Target Support Files/Pods-Stokzy-StokzyTests/Pods-Stokzy-StokzyTests.debug.xcconfig"; sourceTree = "<group>"; };
		5DCACB8F33CDC322A6C60F78 /* libPods-Stokzy.a */ = {isa = PBXFileReference; explicitFileType = archive.ar; includeInIndex = 0; path = "libPods-Stokzy.a"; sourceTree = BUILT_PRODUCTS_DIR; };
		81AB9BB72411601600AC10FF /* LaunchScreen.storyboard */ = {isa = PBXFileReference; fileEncoding = 4; lastKnownFileType = file.storyboard; name = LaunchScreen.storyboard; path = Stokzy/LaunchScreen.storyboard; sourceTree = "<group>"; };
		89C6BE57DB24E9ADA2F236DE /* Pods-Stokzy-StokzyTests.release.xcconfig */ = {isa = PBXFileReference; includeInIndex = 1; lastKnownFileType = text.xcconfig; name = "Pods-Stokzy-StokzyTests.release.xcconfig"; path = "Target Support Files/Pods-Stokzy-StokzyTests/Pods-Stokzy-StokzyTests.release.xcconfig"; sourceTree = "<group>"; };
		ED297162215061F000B7C4FE /* JavaScriptCore.framework */ = {isa = PBXFileReference; lastKnownFileType = wrapper.framework; name = JavaScriptCore.framework; path = System/Library/Frameworks/JavaScriptCore.framework; sourceTree = SDKROOT; };
		8E540888515B4A08908704EE /* HankenGrotesk-Black.ttf */ = {isa = PBXFileReference; name = "HankenGrotesk-Black.ttf"; path = "../src/assets/fonts/HankenGrotesk-Black.ttf"; sourceTree = "<group>"; fileEncoding = undefined; lastKnownFileType = unknown; explicitFileType = undefined; includeInIndex = 0; };
		AA3375A6FDB246CDBC65468C /* HankenGrotesk-BlackItalic.ttf */ = {isa = PBXFileReference; name = "HankenGrotesk-BlackItalic.ttf"; path = "../src/assets/fonts/HankenGrotesk-BlackItalic.ttf"; sourceTree = "<group>"; fileEncoding = undefined; lastKnownFileType = unknown; explicitFileType = undefined; includeInIndex = 0; };
		D10311F0CAAF4D22B396F696 /* HankenGrotesk-Bold.ttf */ = {isa = PBXFileReference; name = "HankenGrotesk-Bold.ttf"; path = "../src/assets/fonts/HankenGrotesk-Bold.ttf"; sourceTree = "<group>"; fileEncoding = undefined; lastKnownFileType = unknown; explicitFileType = undefined; includeInIndex = 0; };
		4D669C8EE0A04F20B505159C /* HankenGrotesk-BoldItalic.ttf */ = {isa = PBXFileReference; name = "HankenGrotesk-BoldItalic.ttf"; path = "../src/assets/fonts/HankenGrotesk-BoldItalic.ttf"; sourceTree = "<group>"; fileEncoding = undefined; lastKnownFileType = unknown; explicitFileType = undefined; includeInIndex = 0; };
		B90BE7662DCC41BCA04FB41E /* HankenGrotesk-ExtraBold.ttf */ = {isa = PBXFileReference; name = "HankenGrotesk-ExtraBold.ttf"; path = "../src/assets/fonts/HankenGrotesk-ExtraBold.ttf"; sourceTree = "<group>"; fileEncoding = undefined; lastKnownFileType = unknown; explicitFileType = undefined; includeInIndex = 0; };
		481AFFCDDB024590B59605C0 /* HankenGrotesk-ExtraBoldItalic.ttf */ = {isa = PBXFileReference; name = "HankenGrotesk-ExtraBoldItalic.ttf"; path = "../src/assets/fonts/HankenGrotesk-ExtraBoldItalic.ttf"; sourceTree = "<group>"; fileEncoding = undefined; lastKnownFileType = unknown; explicitFileType = undefined; includeInIndex = 0; };
		4AAAA23231DE454292C3642E /* HankenGrotesk-ExtraLight.ttf */ = {isa = PBXFileReference; name = "HankenGrotesk-ExtraLight.ttf"; path = "../src/assets/fonts/HankenGrotesk-ExtraLight.ttf"; sourceTree = "<group>"; fileEncoding = undefined; lastKnownFileType = unknown; explicitFileType = undefined; includeInIndex = 0; };
		399AF4A6EAD14C59AC816615 /* HankenGrotesk-ExtraLightItalic.ttf */ = {isa = PBXFileReference; name = "HankenGrotesk-ExtraLightItalic.ttf"; path = "../src/assets/fonts/HankenGrotesk-ExtraLightItalic.ttf"; sourceTree = "<group>"; fileEncoding = undefined; lastKnownFileType = unknown; explicitFileType = undefined; includeInIndex = 0; };
		D37EF4ABEBD54C59AD8A7E09 /* HankenGrotesk-Italic.ttf */ = {isa = PBXFileReference; name = "HankenGrotesk-Italic.ttf"; path = "../src/assets/fonts/HankenGrotesk-Italic.ttf"; sourceTree = "<group>"; fileEncoding = undefined; lastKnownFileType = unknown; explicitFileType = undefined; includeInIndex = 0; };
		D5899186EA764D56A3F65C3D /* HankenGrotesk-Light.ttf */ = {isa = PBXFileReference; name = "HankenGrotesk-Light.ttf"; path = "../src/assets/fonts/HankenGrotesk-Light.ttf"; sourceTree = "<group>"; fileEncoding = undefined; lastKnownFileType = unknown; explicitFileType = undefined; includeInIndex = 0; };
		14910A34166C48138060C423 /* HankenGrotesk-LightItalic.ttf */ = {isa = PBXFileReference; name = "HankenGrotesk-LightItalic.ttf"; path = "../src/assets/fonts/HankenGrotesk-LightItalic.ttf"; sourceTree = "<group>"; fileEncoding = undefined; lastKnownFileType = unknown; explicitFileType = undefined; includeInIndex = 0; };
		C919B18C915543C88723A209 /* HankenGrotesk-Medium.ttf */ = {isa = PBXFileReference; name = "HankenGrotesk-Medium.ttf"; path = "../src/assets/fonts/HankenGrotesk-Medium.ttf"; sourceTree = "<group>"; fileEncoding = undefined; lastKnownFileType = unknown; explicitFileType = undefined; includeInIndex = 0; };
		1166D6543D6C45A9A2040FEF /* HankenGrotesk-MediumItalic.ttf */ = {isa = PBXFileReference; name = "HankenGrotesk-MediumItalic.ttf"; path = "../src/assets/fonts/HankenGrotesk-MediumItalic.ttf"; sourceTree = "<group>"; fileEncoding = undefined; lastKnownFileType = unknown; explicitFileType = undefined; includeInIndex = 0; };
		D9B6F458829B4549BE690FFC /* HankenGrotesk-Regular.ttf */ = {isa = PBXFileReference; name = "HankenGrotesk-Regular.ttf"; path = "../src/assets/fonts/HankenGrotesk-Regular.ttf"; sourceTree = "<group>"; fileEncoding = undefined; lastKnownFileType = unknown; explicitFileType = undefined; includeInIndex = 0; };
		BB680C320D854C798E93B906 /* HankenGrotesk-SemiBold.ttf */ = {isa = PBXFileReference; name = "HankenGrotesk-SemiBold.ttf"; path = "../src/assets/fonts/HankenGrotesk-SemiBold.ttf"; sourceTree = "<group>"; fileEncoding = undefined; lastKnownFileType = unknown; explicitFileType = undefined; includeInIndex = 0; };
		315930C714964D76BE7C0011 /* HankenGrotesk-SemiBoldItalic.ttf */ = {isa = PBXFileReference; name = "HankenGrotesk-SemiBoldItalic.ttf"; path = "../src/assets/fonts/HankenGrotesk-SemiBoldItalic.ttf"; sourceTree = "<group>"; fileEncoding = undefined; lastKnownFileType = unknown; explicitFileType = undefined; includeInIndex = 0; };
		7F9C80E970AE44E89D25A3E2 /* HankenGrotesk-Thin.ttf */ = {isa = PBXFileReference; name = "HankenGrotesk-Thin.ttf"; path = "../src/assets/fonts/HankenGrotesk-Thin.ttf"; sourceTree = "<group>"; fileEncoding = undefined; lastKnownFileType = unknown; explicitFileType = undefined; includeInIndex = 0; };
		8558FAC6BD954FF0BE904581 /* HankenGrotesk-ThinItalic.ttf */ = {isa = PBXFileReference; name = "HankenGrotesk-ThinItalic.ttf"; path = "../src/assets/fonts/HankenGrotesk-ThinItalic.ttf"; sourceTree = "<group>"; fileEncoding = undefined; lastKnownFileType = unknown; explicitFileType = undefined; includeInIndex = 0; };
/* End PBXFileReference section */

/* Begin PBXFrameworksBuildPhase section */
		00E356EB1AD99517003FC87E /* Frameworks */ = {
			isa = PBXFrameworksBuildPhase;
			buildActionMask = 2147483647;
			files = (
				7699B88040F8A987B510C191 /* libPods-Stokzy-StokzyTests.a in Frameworks */,
			);
			runOnlyForDeploymentPostprocessing = 0;
		};
		13B07F8C1A680F5B00A75B9A /* Frameworks */ = {
			isa = PBXFrameworksBuildPhase;
			buildActionMask = 2147483647;
			files = (
				0C80B921A6F3F58F76C31292 /* libPods-Stokzy.a in Frameworks */,
			);
			runOnlyForDeploymentPostprocessing = 0;
		};
/* End PBXFrameworksBuildPhase section */

/* Begin PBXGroup section */
		00E356EF1AD99517003FC87E /* StokzyTests */ = {
			isa = PBXGroup;
			children = (
				00E356F21AD99517003FC87E /* StokzyTests.m */,
				00E356F01AD99517003FC87E /* Supporting Files */,
			);
			path = StokzyTests;
			sourceTree = "<group>";
		};
		00E356F01AD99517003FC87E /* Supporting Files */ = {
			isa = PBXGroup;
			children = (
				00E356F11AD99517003FC87E /* Info.plist */,
			);
			name = "Supporting Files";
			sourceTree = "<group>";
		};
		13B07FAE1A68108700A75B9A /* Stokzy */ = {
			isa = PBXGroup;
			children = (
				13B07FAF1A68108700A75B9A /* AppDelegate.h */,
				13B07FB01A68108700A75B9A /* AppDelegate.mm */,
				13B07FB51A68108700A75B9A /* Images.xcassets */,
				13B07FB61A68108700A75B9A /* Info.plist */,
				81AB9BB72411601600AC10FF /* LaunchScreen.storyboard */,
				13B07FB71A68108700A75B9A /* main.m */,
				13B07FB81A68108700A75B9A /* PrivacyInfo.xcprivacy */,
			);
			name = Stokzy;
			sourceTree = "<group>";
		};
		2D16E6871FA4F8E400B85C8A /* Frameworks */ = {
			isa = PBXGroup;
			children = (
				ED297162215061F000B7C4FE /* JavaScriptCore.framework */,
				5DCACB8F33CDC322A6C60F78 /* libPods-Stokzy.a */,
				19F6CBCC0A4E27FBF8BF4A61 /* libPods-Stokzy-StokzyTests.a */,
			);
			name = Frameworks;
			sourceTree = "<group>";
		};
		832341AE1AAA6A7D00B99B32 /* Libraries */ = {
			isa = PBXGroup;
			children = (
			);
			name = Libraries;
			sourceTree = "<group>";
		};
		83CBB9F61A601CBA00E9B192 = {
			isa = PBXGroup;
			children = (
				13B07FAE1A68108700A75B9A /* Stokzy */,
				832341AE1AAA6A7D00B99B32 /* Libraries */,
				00E356EF1AD99517003FC87E /* StokzyTests */,
				83CBBA001A601CBA00E9B192 /* Products */,
				2D16E6871FA4F8E400B85C8A /* Frameworks */,
				BBD78D7AC51CEA395F1C20DB /* Pods */,
				B8B7BD9946004D8A8962123E /* Resources */,
			);
			indentWidth = 2;
			sourceTree = "<group>";
			tabWidth = 2;
			usesTabs = 0;
		};
		83CBBA001A601CBA00E9B192 /* Products */ = {
			isa = PBXGroup;
			children = (
				13B07F961A680F5B00A75B9A /* Stokzy.app */,
				00E356EE1AD99517003FC87E /* StokzyTests.xctest */,
			);
			name = Products;
			sourceTree = "<group>";
		};
		BBD78D7AC51CEA395F1C20DB /* Pods */ = {
			isa = PBXGroup;
			children = (
				3B4392A12AC88292D35C810B /* Pods-Stokzy.debug.xcconfig */,
				5709B34CF0A7D63546082F79 /* Pods-Stokzy.release.xcconfig */,
				5B7EB9410499542E8C5724F5 /* Pods-Stokzy-StokzyTests.debug.xcconfig */,
				89C6BE57DB24E9ADA2F236DE /* Pods-Stokzy-StokzyTests.release.xcconfig */,
			);
			path = Pods;
			sourceTree = "<group>";
		};
		B8B7BD9946004D8A8962123E /* Resources */ = {
			isa = "PBXGroup";
			children = (
				8E540888515B4A08908704EE /* HankenGrotesk-Black.ttf */,
				AA3375A6FDB246CDBC65468C /* HankenGrotesk-BlackItalic.ttf */,
				D10311F0CAAF4D22B396F696 /* HankenGrotesk-Bold.ttf */,
				4D669C8EE0A04F20B505159C /* HankenGrotesk-BoldItalic.ttf */,
				B90BE7662DCC41BCA04FB41E /* HankenGrotesk-ExtraBold.ttf */,
				481AFFCDDB024590B59605C0 /* HankenGrotesk-ExtraBoldItalic.ttf */,
				4AAAA23231DE454292C3642E /* HankenGrotesk-ExtraLight.ttf */,
				399AF4A6EAD14C59AC816615 /* HankenGrotesk-ExtraLightItalic.ttf */,
				D37EF4ABEBD54C59AD8A7E09 /* HankenGrotesk-Italic.ttf */,
				D5899186EA764D56A3F65C3D /* HankenGrotesk-Light.ttf */,
				14910A34166C48138060C423 /* HankenGrotesk-LightItalic.ttf */,
				C919B18C915543C88723A209 /* HankenGrotesk-Medium.ttf */,
				1166D6543D6C45A9A2040FEF /* HankenGrotesk-MediumItalic.ttf */,
				D9B6F458829B4549BE690FFC /* HankenGrotesk-Regular.ttf */,
				BB680C320D854C798E93B906 /* HankenGrotesk-SemiBold.ttf */,
				315930C714964D76BE7C0011 /* HankenGrotesk-SemiBoldItalic.ttf */,
				7F9C80E970AE44E89D25A3E2 /* HankenGrotesk-Thin.ttf */,
				8558FAC6BD954FF0BE904581 /* HankenGrotesk-ThinItalic.ttf */,
			);
			name = Resources;
			sourceTree = "<group>";
			path = "";
		};
/* End PBXGroup section */

/* Begin PBXNativeTarget section */
		00E356ED1AD99517003FC87E /* StokzyTests */ = {
			isa = PBXNativeTarget;
			buildConfigurationList = 00E357021AD99517003FC87E /* Build configuration list for PBXNativeTarget "StokzyTests" */;
			buildPhases = (
				A55EABD7B0C7F3A422A6CC61 /* [CP] Check Pods Manifest.lock */,
				00E356EA1AD99517003FC87E /* Sources */,
				00E356EB1AD99517003FC87E /* Frameworks */,
				00E356EC1AD99517003FC87E /* Resources */,
				C59DA0FBD6956966B86A3779 /* [CP] Embed Pods Frameworks */,
				F6A41C54EA430FDDC6A6ED99 /* [CP] Copy Pods Resources */,
			);
			buildRules = (
			);
			dependencies = (
				00E356F51AD99517003FC87E /* PBXTargetDependency */,
			);
			name = StokzyTests;
			productName = StokzyTests;
			productReference = 00E356EE1AD99517003FC87E /* StokzyTests.xctest */;
			productType = "com.apple.product-type.bundle.unit-test";
		};
		13B07F861A680F5B00A75B9A /* Stokzy */ = {
			isa = PBXNativeTarget;
			buildConfigurationList = 13B07F931A680F5B00A75B9A /* Build configuration list for PBXNativeTarget "Stokzy" */;
			buildPhases = (
				C38B50BA6285516D6DCD4F65 /* [CP] Check Pods Manifest.lock */,
				13B07F871A680F5B00A75B9A /* Sources */,
				13B07F8C1A680F5B00A75B9A /* Frameworks */,
				13B07F8E1A680F5B00A75B9A /* Resources */,
				00DD1BFF1BD5951E006B06BC /* Bundle React Native code and images */,
				00EEFC60759A1932668264C0 /* [CP] Embed Pods Frameworks */,
				E235C05ADACE081382539298 /* [CP] Copy Pods Resources */,
			);
			buildRules = (
			);
			dependencies = (
			);
			name = Stokzy;
			productName = Stokzy;
			productReference = 13B07F961A680F5B00A75B9A /* Stokzy.app */;
			productType = "com.apple.product-type.application";
		};
/* End PBXNativeTarget section */

/* Begin PBXProject section */
		83CBB9F71A601CBA00E9B192 /* Project object */ = {
			isa = PBXProject;
			attributes = {
				LastUpgradeCheck = 1210;
				TargetAttributes = {
					00E356ED1AD99517003FC87E = {
						CreatedOnToolsVersion = 6.2;
						TestTargetID = 13B07F861A680F5B00A75B9A;
					};
					13B07F861A680F5B00A75B9A = {
						LastSwiftMigration = 1120;
					};
				};
			};
			buildConfigurationList = 83CBB9FA1A601CBA00E9B192 /* Build configuration list for PBXProject "Stokzy" */;
			compatibilityVersion = "Xcode 12.0";
			developmentRegion = en;
			hasScannedForEncodings = 0;
			knownRegions = (
				en,
				Base,
			);
			mainGroup = 83CBB9F61A601CBA00E9B192;
			productRefGroup = 83CBBA001A601CBA00E9B192 /* Products */;
			projectDirPath = "";
			projectRoot = "";
			targets = (
				13B07F861A680F5B00A75B9A /* Stokzy */,
				00E356ED1AD99517003FC87E /* StokzyTests */,
			);
		};
/* End PBXProject section */

/* Begin PBXResourcesBuildPhase section */
		00E356EC1AD99517003FC87E /* Resources */ = {
			isa = PBXResourcesBuildPhase;
			buildActionMask = 2147483647;
			files = (
				92AE6A1F5C194E7DB0A39E5C /* HankenGrotesk-Black.ttf in Resources */,
				50D24F34EC8B40BEB010B73F /* HankenGrotesk-BlackItalic.ttf in Resources */,
				02DE625AE0444C688882BD17 /* HankenGrotesk-Bold.ttf in Resources */,
				FDDA6118CB16443089728F30 /* HankenGrotesk-BoldItalic.ttf in Resources */,
				AADA67F33FBD4A54AEA1A4F4 /* HankenGrotesk-ExtraBold.ttf in Resources */,
				8A9A4B99743446FA96B01EE6 /* HankenGrotesk-ExtraBoldItalic.ttf in Resources */,
				1A34AED32DB542BB966AFB5F /* HankenGrotesk-ExtraLight.ttf in Resources */,
				BDF7ED632BD9420097DA5CCC /* HankenGrotesk-ExtraLightItalic.ttf in Resources */,
				3E22E1A3B8D94009B418F0FF /* HankenGrotesk-Italic.ttf in Resources */,
				75CA390457DA4BBD9AE4E6B5 /* HankenGrotesk-Light.ttf in Resources */,
				24B6EA2D10FB4C98AD5A8053 /* HankenGrotesk-LightItalic.ttf in Resources */,
				75714E7A91D142C5A14E85AB /* HankenGrotesk-Medium.ttf in Resources */,
				552DD3BEBEDB4814A8FA0FD5 /* HankenGrotesk-MediumItalic.ttf in Resources */,
				E2A1226F65A14BFB979C3978 /* HankenGrotesk-Regular.ttf in Resources */,
				6FA42B67DA5040929301A89B /* HankenGrotesk-SemiBold.ttf in Resources */,
				46F8184CF1ED4A8B8456227C /* HankenGrotesk-SemiBoldItalic.ttf in Resources */,
				4DA06145D69B4397AE882F63 /* HankenGrotesk-Thin.ttf in Resources */,
				370616933A6E443A860ED479 /* HankenGrotesk-ThinItalic.ttf in Resources */,
			);
			runOnlyForDeploymentPostprocessing = 0;
		};
		13B07F8E1A680F5B00A75B9A /* Resources */ = {
			isa = PBXResourcesBuildPhase;
			buildActionMask = 2147483647;
			files = (
				81AB9BB82411601600AC10FF /* LaunchScreen.storyboard in Resources */,
				13B07FBF1A68108700A75B9A /* Images.xcassets in Resources */,
				E9C976E1CD8C4B9FB65E2EC2 /* HankenGrotesk-Black.ttf in Resources */,
				94D2817BC2F64AB8AE4A3968 /* HankenGrotesk-BlackItalic.ttf in Resources */,
				0690A7866C384CAB8FDA6975 /* HankenGrotesk-Bold.ttf in Resources */,
				9BAF551F4D4949A2A2DEAF20 /* HankenGrotesk-BoldItalic.ttf in Resources */,
				340B3CB07AE04D919E84F6C7 /* HankenGrotesk-ExtraBold.ttf in Resources */,
				22CC689F2A354C1B8F5DC74F /* HankenGrotesk-ExtraBoldItalic.ttf in Resources */,
				780BA8F8085D4D6EBDF1ECF2 /* HankenGrotesk-ExtraLight.ttf in Resources */,
				D33FB6DC81984D6AA74840BD /* HankenGrotesk-ExtraLightItalic.ttf in Resources */,
				DB1DDF072812428CB1D531E4 /* HankenGrotesk-Italic.ttf in Resources */,
				6AA6FB9C621A4BBCBF0F3D9A /* HankenGrotesk-Light.ttf in Resources */,
				CF4603F8BC784063B1B7A2A8 /* HankenGrotesk-LightItalic.ttf in Resources */,
				40EA77973CF2480E992EFF28 /* HankenGrotesk-Medium.ttf in Resources */,
				52290E0CC95F4E60AA0F724E /* HankenGrotesk-MediumItalic.ttf in Resources */,
				9323F1884C9B4ECC855D6FE3 /* HankenGrotesk-Regular.ttf in Resources */,
				7B4AEC4505094C2F82D9E77D /* HankenGrotesk-SemiBold.ttf in Resources */,
				06C3A81F959F4B0BAD255433 /* HankenGrotesk-SemiBoldItalic.ttf in Resources */,
				E05FCD46F76B4732AB25539C /* HankenGrotesk-Thin.ttf in Resources */,
				F12F80F9F4214264980E7F00 /* HankenGrotesk-ThinItalic.ttf in Resources */,
			);
			runOnlyForDeploymentPostprocessing = 0;
		};
/* End PBXResourcesBuildPhase section */

/* Begin PBXShellScriptBuildPhase section */
		00DD1BFF1BD5951E006B06BC /* Bundle React Native code and images */ = {
			isa = PBXShellScriptBuildPhase;
			buildActionMask = 2147483647;
			files = (
			);
			inputPaths = (
				"$(SRCROOT)/.xcode.env.local",
				"$(SRCROOT)/.xcode.env",
			);
			name = "Bundle React Native code and images";
			outputPaths = (
			);
			runOnlyForDeploymentPostprocessing = 0;
			shellPath = /bin/sh;
			shellScript = "set -e\n\nWITH_ENVIRONMENT=\"$REACT_NATIVE_PATH/scripts/xcode/with-environment.sh\"\nREACT_NATIVE_XCODE=\"$REACT_NATIVE_PATH/scripts/react-native-xcode.sh\"\n\n/bin/sh -c \"$WITH_ENVIRONMENT $REACT_NATIVE_XCODE\"\n";
		};
		00EEFC60759A1932668264C0 /* [CP] Embed Pods Frameworks */ = {
			isa = PBXShellScriptBuildPhase;
			buildActionMask = 2147483647;
			files = (
			);
			inputFileListPaths = (
				"${PODS_ROOT}/Target Support Files/Pods-Stokzy/Pods-Stokzy-frameworks-${CONFIGURATION}-input-files.xcfilelist",
			);
			name = "[CP] Embed Pods Frameworks";
			outputFileListPaths = (
				"${PODS_ROOT}/Target Support Files/Pods-Stokzy/Pods-Stokzy-frameworks-${CONFIGURATION}-output-files.xcfilelist",
			);
			runOnlyForDeploymentPostprocessing = 0;
			shellPath = /bin/sh;
			shellScript = "\"${PODS_ROOT}/Target Support Files/Pods-Stokzy/Pods-Stokzy-frameworks.sh\"\n";
			showEnvVarsInLog = 0;
		};
		A55EABD7B0C7F3A422A6CC61 /* [CP] Check Pods Manifest.lock */ = {
			isa = PBXShellScriptBuildPhase;
			buildActionMask = 2147483647;
			files = (
			);
			inputFileListPaths = (
			);
			inputPaths = (
				"${PODS_PODFILE_DIR_PATH}/Podfile.lock",
				"${PODS_ROOT}/Manifest.lock",
			);
			name = "[CP] Check Pods Manifest.lock";
			outputFileListPaths = (
			);
			outputPaths = (
				"$(DERIVED_FILE_DIR)/Pods-Stokzy-StokzyTests-checkManifestLockResult.txt",
			);
			runOnlyForDeploymentPostprocessing = 0;
			shellPath = /bin/sh;
			shellScript = "diff \"${PODS_PODFILE_DIR_PATH}/Podfile.lock\" \"${PODS_ROOT}/Manifest.lock\" > /dev/null\nif [ $? != 0 ] ; then\n    # print error to STDERR\n    echo \"error: The sandbox is not in sync with the Podfile.lock. Run 'pod install' or update your CocoaPods installation.\" >&2\n    exit 1\nfi\n# This output is used by Xcode 'outputs' to avoid re-running this script phase.\necho \"SUCCESS\" > \"${SCRIPT_OUTPUT_FILE_0}\"\n";
			showEnvVarsInLog = 0;
		};
		C38B50BA6285516D6DCD4F65 /* [CP] Check Pods Manifest.lock */ = {
			isa = PBXShellScriptBuildPhase;
			buildActionMask = 2147483647;
			files = (
			);
			inputFileListPaths = (
			);
			inputPaths = (
				"${PODS_PODFILE_DIR_PATH}/Podfile.lock",
				"${PODS_ROOT}/Manifest.lock",
			);
			name = "[CP] Check Pods Manifest.lock";
			outputFileListPaths = (
			);
			outputPaths = (
				"$(DERIVED_FILE_DIR)/Pods-Stokzy-checkManifestLockResult.txt",
			);
			runOnlyForDeploymentPostprocessing = 0;
			shellPath = /bin/sh;
			shellScript = "diff \"${PODS_PODFILE_DIR_PATH}/Podfile.lock\" \"${PODS_ROOT}/Manifest.lock\" > /dev/null\nif [ $? != 0 ] ; then\n    # print error to STDERR\n    echo \"error: The sandbox is not in sync with the Podfile.lock. Run 'pod install' or update your CocoaPods installation.\" >&2\n    exit 1\nfi\n# This output is used by Xcode 'outputs' to avoid re-running this script phase.\necho \"SUCCESS\" > \"${SCRIPT_OUTPUT_FILE_0}\"\n";
			showEnvVarsInLog = 0;
		};
		C59DA0FBD6956966B86A3779 /* [CP] Embed Pods Frameworks */ = {
			isa = PBXShellScriptBuildPhase;
			buildActionMask = 2147483647;
			files = (
			);
			inputFileListPaths = (
				"${PODS_ROOT}/Target Support Files/Pods-Stokzy-StokzyTests/Pods-Stokzy-StokzyTests-frameworks-${CONFIGURATION}-input-files.xcfilelist",
			);
			name = "[CP] Embed Pods Frameworks";
			outputFileListPaths = (
				"${PODS_ROOT}/Target Support Files/Pods-Stokzy-StokzyTests/Pods-Stokzy-StokzyTests-frameworks-${CONFIGURATION}-output-files.xcfilelist",
			);
			runOnlyForDeploymentPostprocessing = 0;
			shellPath = /bin/sh;
			shellScript = "\"${PODS_ROOT}/Target Support Files/Pods-Stokzy-StokzyTests/Pods-Stokzy-StokzyTests-frameworks.sh\"\n";
			showEnvVarsInLog = 0;
		};
		E235C05ADACE081382539298 /* [CP] Copy Pods Resources */ = {
			isa = PBXShellScriptBuildPhase;
			buildActionMask = 2147483647;
			files = (
			);
			inputFileListPaths = (
				"${PODS_ROOT}/Target Support Files/Pods-Stokzy/Pods-Stokzy-resources-${CONFIGURATION}-input-files.xcfilelist",
			);
			name = "[CP] Copy Pods Resources";
			outputFileListPaths = (
				"${PODS_ROOT}/Target Support Files/Pods-Stokzy/Pods-Stokzy-resources-${CONFIGURATION}-output-files.xcfilelist",
			);
			runOnlyForDeploymentPostprocessing = 0;
			shellPath = /bin/sh;
			shellScript = "\"${PODS_ROOT}/Target Support Files/Pods-Stokzy/Pods-Stokzy-resources.sh\"\n";
			showEnvVarsInLog = 0;
		};
		F6A41C54EA430FDDC6A6ED99 /* [CP] Copy Pods Resources */ = {
			isa = PBXShellScriptBuildPhase;
			buildActionMask = 2147483647;
			files = (
			);
			inputFileListPaths = (
				"${PODS_ROOT}/Target Support Files/Pods-Stokzy-StokzyTests/Pods-Stokzy-StokzyTests-resources-${CONFIGURATION}-input-files.xcfilelist",
			);
			name = "[CP] Copy Pods Resources";
			outputFileListPaths = (
				"${PODS_ROOT}/Target Support Files/Pods-Stokzy-StokzyTests/Pods-Stokzy-StokzyTests-resources-${CONFIGURATION}-output-files.xcfilelist",
			);
			runOnlyForDeploymentPostprocessing = 0;
			shellPath = /bin/sh;
			shellScript = "\"${PODS_ROOT}/Target Support Files/Pods-Stokzy-StokzyTests/Pods-Stokzy-StokzyTests-resources.sh\"\n";
			showEnvVarsInLog = 0;
		};
/* End PBXShellScriptBuildPhase section */

/* Begin PBXSourcesBuildPhase section */
		00E356EA1AD99517003FC87E /* Sources */ = {
			isa = PBXSourcesBuildPhase;
			buildActionMask = 2147483647;
			files = (
				00E356F31AD99517003FC87E /* StokzyTests.m in Sources */,
			);
			runOnlyForDeploymentPostprocessing = 0;
		};
		13B07F871A680F5B00A75B9A /* Sources */ = {
			isa = PBXSourcesBuildPhase;
			buildActionMask = 2147483647;
			files = (
				13B07FBC1A68108700A75B9A /* AppDelegate.mm in Sources */,
				13B07FC11A68108700A75B9A /* main.m in Sources */,
			);
			runOnlyForDeploymentPostprocessing = 0;
		};
/* End PBXSourcesBuildPhase section */

/* Begin PBXTargetDependency section */
		00E356F51AD99517003FC87E /* PBXTargetDependency */ = {
			isa = PBXTargetDependency;
			target = 13B07F861A680F5B00A75B9A /* Stokzy */;
			targetProxy = 00E356F41AD99517003FC87E /* PBXContainerItemProxy */;
		};
/* End PBXTargetDependency section */

/* Begin XCBuildConfiguration section */
		00E356F61AD99517003FC87E /* Debug */ = {
			isa = XCBuildConfiguration;
			baseConfigurationReference = 5B7EB9410499542E8C5724F5 /* Pods-Stokzy-StokzyTests.debug.xcconfig */;
			buildSettings = {
				BUNDLE_LOADER = "$(TEST_HOST)";
				GCC_PREPROCESSOR_DEFINITIONS = (
					"DEBUG=1",
					"$(inherited)",
				);
				INFOPLIST_FILE = StokzyTests/Info.plist;
				IPHONEOS_DEPLOYMENT_TARGET = 13.4;
				LD_RUNPATH_SEARCH_PATHS = (
					"$(inherited)",
					"@executable_path/Frameworks",
					"@loader_path/Frameworks",
				);
				OTHER_LDFLAGS = (
					"-ObjC",
					"-lc++",
					"$(inherited)",
				);
				PRODUCT_BUNDLE_IDENTIFIER = "org.reactjs.native.example.$(PRODUCT_NAME:rfc1034identifier)";
				PRODUCT_NAME = "$(TARGET_NAME)";
				TEST_HOST = "$(BUILT_PRODUCTS_DIR)/Stokzy.app/Stokzy";
			};
			name = Debug;
		};
		00E356F71AD99517003FC87E /* Release */ = {
			isa = XCBuildConfiguration;
			baseConfigurationReference = 89C6BE57DB24E9ADA2F236DE /* Pods-Stokzy-StokzyTests.release.xcconfig */;
			buildSettings = {
				BUNDLE_LOADER = "$(TEST_HOST)";
				COPY_PHASE_STRIP = NO;
				INFOPLIST_FILE = StokzyTests/Info.plist;
				IPHONEOS_DEPLOYMENT_TARGET = 13.4;
				LD_RUNPATH_SEARCH_PATHS = (
					"$(inherited)",
					"@executable_path/Frameworks",
					"@loader_path/Frameworks",
				);
				OTHER_LDFLAGS = (
					"-ObjC",
					"-lc++",
					"$(inherited)",
				);
				PRODUCT_BUNDLE_IDENTIFIER = "org.reactjs.native.example.$(PRODUCT_NAME:rfc1034identifier)";
				PRODUCT_NAME = "$(TARGET_NAME)";
				TEST_HOST = "$(BUILT_PRODUCTS_DIR)/Stokzy.app/Stokzy";
			};
			name = Release;
		};
		13B07F941A680F5B00A75B9A /* Debug */ = {
			isa = XCBuildConfiguration;
			baseConfigurationReference = 3B4392A12AC88292D35C810B /* Pods-Stokzy.debug.xcconfig */;
			buildSettings = {
				ASSETCATALOG_COMPILER_APPICON_NAME = AppIcon;
				CLANG_ENABLE_MODULES = YES;
				CURRENT_PROJECT_VERSION = 1;
				ENABLE_BITCODE = NO;
				INFOPLIST_FILE = Stokzy/Info.plist;
				LD_RUNPATH_SEARCH_PATHS = (
					"$(inherited)",
					"@executable_path/Frameworks",
				);
				MARKETING_VERSION = 1.0;
				OTHER_LDFLAGS = (
					"$(inherited)",
					"-ObjC",
					"-lc++",
				);
				PRODUCT_BUNDLE_IDENTIFIER = "org.reactjs.native.example.$(PRODUCT_NAME:rfc1034identifier)";
				PRODUCT_NAME = Stokzy;
				SWIFT_OPTIMIZATION_LEVEL = "-Onone";
				SWIFT_VERSION = 5.0;
				VERSIONING_SYSTEM = "apple-generic";
			};
			name = Debug;
		};
		13B07F951A680F5B00A75B9A /* Release */ = {
			isa = XCBuildConfiguration;
			baseConfigurationReference = 5709B34CF0A7D63546082F79 /* Pods-Stokzy.release.xcconfig */;
			buildSettings = {
				ASSETCATALOG_COMPILER_APPICON_NAME = AppIcon;
				CLANG_ENABLE_MODULES = YES;
				CURRENT_PROJECT_VERSION = 1;
				INFOPLIST_FILE = Stokzy/Info.plist;
				LD_RUNPATH_SEARCH_PATHS = (
					"$(inherited)",
					"@executable_path/Frameworks",
				);
				MARKETING_VERSION = 1.0;
				OTHER_LDFLAGS = (
					"$(inherited)",
					"-ObjC",
					"-lc++",
				);
				PRODUCT_BUNDLE_IDENTIFIER = "org.reactjs.native.example.$(PRODUCT_NAME:rfc1034identifier)";
				PRODUCT_NAME = Stokzy;
				SWIFT_VERSION = 5.0;
				VERSIONING_SYSTEM = "apple-generic";
			};
			name = Release;
		};
		83CBBA201A601CBA00E9B192 /* Debug */ = {
			isa = XCBuildConfiguration;
			buildSettings = {
				ALWAYS_SEARCH_USER_PATHS = NO;
				CLANG_ANALYZER_LOCALIZABILITY_NONLOCALIZED = YES;
				CLANG_CXX_LANGUAGE_STANDARD = "c++20";
				CLANG_CXX_LIBRARY = "libc++";
				CLANG_ENABLE_MODULES = YES;
				CLANG_ENABLE_OBJC_ARC = YES;
				CLANG_WARN_BLOCK_CAPTURE_AUTORELEASING = YES;
				CLANG_WARN_BOOL_CONVERSION = YES;
				CLANG_WARN_COMMA = YES;
				CLANG_WARN_CONSTANT_CONVERSION = YES;
				CLANG_WARN_DEPRECATED_OBJC_IMPLEMENTATIONS = YES;
				CLANG_WARN_DIRECT_OBJC_ISA_USAGE = YES_ERROR;
				CLANG_WARN_EMPTY_BODY = YES;
				CLANG_WARN_ENUM_CONVERSION = YES;
				CLANG_WARN_INFINITE_RECURSION = YES;
				CLANG_WARN_INT_CONVERSION = YES;
				CLANG_WARN_NON_LITERAL_NULL_CONVERSION = YES;
				CLANG_WARN_OBJC_IMPLICIT_RETAIN_SELF = YES;
				CLANG_WARN_OBJC_LITERAL_CONVERSION = YES;
				CLANG_WARN_OBJC_ROOT_CLASS = YES_ERROR;
				CLANG_WARN_QUOTED_INCLUDE_IN_FRAMEWORK_HEADER = YES;
				CLANG_WARN_RANGE_LOOP_ANALYSIS = YES;
				CLANG_WARN_STRICT_PROTOTYPES = YES;
				CLANG_WARN_SUSPICIOUS_MOVE = YES;
				CLANG_WARN_UNREACHABLE_CODE = YES;
				CLANG_WARN__DUPLICATE_METHOD_MATCH = YES;
				"CODE_SIGN_IDENTITY[sdk=iphoneos*]" = "iPhone Developer";
				COPY_PHASE_STRIP = NO;
				ENABLE_STRICT_OBJC_MSGSEND = YES;
				ENABLE_TESTABILITY = YES;
				"EXCLUDED_ARCHS[sdk=iphonesimulator*]" = "";
				GCC_C_LANGUAGE_STANDARD = gnu99;
				GCC_DYNAMIC_NO_PIC = NO;
				GCC_NO_COMMON_BLOCKS = YES;
				GCC_OPTIMIZATION_LEVEL = 0;
				GCC_PREPROCESSOR_DEFINITIONS = (
					"DEBUG=1",
					"$(inherited)",
				);
				GCC_SYMBOLS_PRIVATE_EXTERN = NO;
				GCC_WARN_64_TO_32_BIT_CONVERSION = YES;
				GCC_WARN_ABOUT_RETURN_TYPE = YES_ERROR;
				GCC_WARN_UNDECLARED_SELECTOR = YES;
				GCC_WARN_UNINITIALIZED_AUTOS = YES_AGGRESSIVE;
				GCC_WARN_UNUSED_FUNCTION = YES;
				GCC_WARN_UNUSED_VARIABLE = YES;
				IPHONEOS_DEPLOYMENT_TARGET = 13.4;
				LD_RUNPATH_SEARCH_PATHS = (
					/usr/lib/swift,
					"$(inherited)",
				);
				LIBRARY_SEARCH_PATHS = (
					"\"$(SDKROOT)/usr/lib/swift\"",
					"\"$(TOOLCHAIN_DIR)/usr/lib/swift/$(PLATFORM_NAME)\"",
					"\"$(inherited)\"",
				);
				MTL_ENABLE_DEBUG_INFO = YES;
				ONLY_ACTIVE_ARCH = YES;
				OTHER_CPLUSPLUSFLAGS = (
					"$(OTHER_CFLAGS)",
					"-DFOLLY_NO_CONFIG",
					"-DFOLLY_MOBILE=1",
					"-DFOLLY_USE_LIBCPP=1",
					"-DFOLLY_CFG_NO_COROUTINES=1",
					"-DFOLLY_HAVE_CLOCK_GETTIME=1",
				);
				SDKROOT = iphoneos;
			};
			name = Debug;
		};
		83CBBA211A601CBA00E9B192 /* Release */ = {
			isa = XCBuildConfiguration;
			buildSettings = {
				ALWAYS_SEARCH_USER_PATHS = NO;
				CLANG_ANALYZER_LOCALIZABILITY_NONLOCALIZED = YES;
				CLANG_CXX_LANGUAGE_STANDARD = "c++20";
				CLANG_CXX_LIBRARY = "libc++";
				CLANG_ENABLE_MODULES = YES;
				CLANG_ENABLE_OBJC_ARC = YES;
				CLANG_WARN_BLOCK_CAPTURE_AUTORELEASING = YES;
				CLANG_WARN_BOOL_CONVERSION = YES;
				CLANG_WARN_COMMA = YES;
				CLANG_WARN_CONSTANT_CONVERSION = YES;
				CLANG_WARN_DEPRECATED_OBJC_IMPLEMENTATIONS = YES;
				CLANG_WARN_DIRECT_OBJC_ISA_USAGE = YES_ERROR;
				CLANG_WARN_EMPTY_BODY = YES;
				CLANG_WARN_ENUM_CONVERSION = YES;
				CLANG_WARN_INFINITE_RECURSION = YES;
				CLANG_WARN_INT_CONVERSION = YES;
				CLANG_WARN_NON_LITERAL_NULL_CONVERSION = YES;
				CLANG_WARN_OBJC_IMPLICIT_RETAIN_SELF = YES;
				CLANG_WARN_OBJC_LITERAL_CONVERSION = YES;
				CLANG_WARN_OBJC_ROOT_CLASS = YES_ERROR;
				CLANG_WARN_QUOTED_INCLUDE_IN_FRAMEWORK_HEADER = YES;
				CLANG_WARN_RANGE_LOOP_ANALYSIS = YES;
				CLANG_WARN_STRICT_PROTOTYPES = YES;
				CLANG_WARN_SUSPICIOUS_MOVE = YES;
				CLANG_WARN_UNREACHABLE_CODE = YES;
				CLANG_WARN__DUPLICATE_METHOD_MATCH = YES;
				"CODE_SIGN_IDENTITY[sdk=iphoneos*]" = "iPhone Developer";
				COPY_PHASE_STRIP = YES;
				ENABLE_NS_ASSERTIONS = NO;
				ENABLE_STRICT_OBJC_MSGSEND = YES;
				"EXCLUDED_ARCHS[sdk=iphonesimulator*]" = "";
				GCC_C_LANGUAGE_STANDARD = gnu99;
				GCC_NO_COMMON_BLOCKS = YES;
				GCC_WARN_64_TO_32_BIT_CONVERSION = YES;
				GCC_WARN_ABOUT_RETURN_TYPE = YES_ERROR;
				GCC_WARN_UNDECLARED_SELECTOR = YES;
				GCC_WARN_UNINITIALIZED_AUTOS = YES_AGGRESSIVE;
				GCC_WARN_UNUSED_FUNCTION = YES;
				GCC_WARN_UNUSED_VARIABLE = YES;
				IPHONEOS_DEPLOYMENT_TARGET = 13.4;
				LD_RUNPATH_SEARCH_PATHS = (
					/usr/lib/swift,
					"$(inherited)",
				);
				LIBRARY_SEARCH_PATHS = (
					"\"$(SDKROOT)/usr/lib/swift\"",
					"\"$(TOOLCHAIN_DIR)/usr/lib/swift/$(PLATFORM_NAME)\"",
					"\"$(inherited)\"",
				);
				MTL_ENABLE_DEBUG_INFO = NO;
				OTHER_CPLUSPLUSFLAGS = (
					"$(OTHER_CFLAGS)",
					"-DFOLLY_NO_CONFIG",
					"-DFOLLY_MOBILE=1",
					"-DFOLLY_USE_LIBCPP=1",
					"-DFOLLY_CFG_NO_COROUTINES=1",
					"-DFOLLY_HAVE_CLOCK_GETTIME=1",
				);
				SDKROOT = iphoneos;
				VALIDATE_PRODUCT = YES;
			};
			name = Release;
		};
/* End XCBuildConfiguration section */

/* Begin XCConfigurationList section */
		00E357021AD99517003FC87E /* Build configuration list for PBXNativeTarget "StokzyTests" */ = {
			isa = XCConfigurationList;
			buildConfigurations = (
				00E356F61AD99517003FC87E /* Debug */,
				00E356F71AD99517003FC87E /* Release */,
			);
			defaultConfigurationIsVisible = 0;
			defaultConfigurationName = Release;
		};
		13B07F931A680F5B00A75B9A /* Build configuration list for PBXNativeTarget "Stokzy" */ = {
			isa = XCConfigurationList;
			buildConfigurations = (
				13B07F941A680F5B00A75B9A /* Debug */,
				13B07F951A680F5B00A75B9A /* Release */,
			);
			defaultConfigurationIsVisible = 0;
			defaultConfigurationName = Release;
		};
		83CBB9FA1A601CBA00E9B192 /* Build configuration list for PBXProject "Stokzy" */ = {
			isa = XCConfigurationList;
			buildConfigurations = (
				83CBBA201A601CBA00E9B192 /* Debug */,
				83CBBA211A601CBA00E9B192 /* Release */,
			);
			defaultConfigurationIsVisible = 0;
			defaultConfigurationName = Release;
		};
/* End XCConfigurationList section */
	};
	rootObject = 83CBB9F71A601CBA00E9B192 /* Project object */;
}
